GEM
  remote: https://rubygems.org/
  specs:
    chunky_png (1.4.0)
    rqrcode (3.2.0)
      chunky_png (~> 1.0)
      rqrcode_core (~> 2.0)
    rqrcode_core (2.1.0)

PLATFORMS
  arm64-darwin-25
  ruby

DEPENDENCIES
  chunky_png (~> 1.4)
  rqrcode (~> 3.2)

CHECKSUMS
  chunky_png (1.4.0) sha256=89d5b31b55c0cf4da3cf89a2b4ebc3178d8abe8cbaf116a1dba95668502fdcfe
  rqrcode (3.2.0) sha256=64c1494ca6bb67d731330f38b50e3fd09eeab4f5dcd04b608e21218d1d0b9542
  rqrcode_core (2.1.0) sha256=f303b85df89c1b8fc5ee8dc19808c9dc4330e6329b660d99d4a8cbb36ca13051

RUBY VERSION
  ruby 4.0.6

BUNDLED WITH
  4.0.16
